// !$*UTF8*$!
{
	archiveVersion = 1;
	classes = {
	};
	objectVersion = 46;
	objects = {

/* Begin PBXBuildFile section */
		3E771DC084AE90FEB7B487EA /* Pods_Sample_Project.framework in Frameworks */ = {isa = PBXBuildFile; fileRef = 48B42427445702600AE28EAB /* Pods_Sample_Project.framework */; };
		A0338C5F1D0E905800C909FB /* main.m in Sources */ = {isa = PBXBuildFile; fileRef = A0338C5E1D0E905800C909FB /* main.m */; };
		A0338C621D0E905800C909FB /* AppDelegate.m in Sources */ = {isa = PBXBuildFile; fileRef = A0338C611D0E905800C909FB /* AppDelegate.m */; };
		A0338C651D0E905800C909FB /* ViewController.m in Sources */ = {isa = PBXBuildFile; fileRef = A0338C641D0E905800C909FB /* ViewController.m */; };
		A0338C681D0E905800C909FB /* Main.storyboard in Resources */ = {isa = PBXBuildFile; fileRef = A0338C661D0E905800C909FB /* Main.storyboard */; };
		A0338C6A1D0E905800C909FB /* Assets.xcassets in Resources */ = {isa = PBXBuildFile; fileRef = A0338C691D0E905800C909FB /* Assets.xcassets */; };
		A0338C6D1D0E905800C909FB /* LaunchScreen.storyboard in Resources */ = {isa = PBXBuildFile; fileRef = A0338C6B1D0E905800C909FB /* LaunchScreen.storyboard */; };
		A0338C781D0E905800C909FB /* Sample_ProjectTests.m in Sources */ = {isa = PBXBuildFile; fileRef = A0338C771D0E905800C909FB /* Sample_ProjectTests.m */; };
		A0338C831D0E905800C909FB /* Sample_ProjectUITests.m in Sources */ = {isa = PBXBuildFile; fileRef = A0338C821D0E905800C909FB /* Sample_ProjectUITests.m */; };
		A0338C961D0E9AC800C909FB /* ConstantString.m in Sources */ = {isa = PBXBuildFile; fileRef = A0338C951D0E9AC800C909FB /* ConstantString.m */; };
		A0338C991D0E9C7E00C909FB /* Podfile in Resources */ = {isa = PBXBuildFile; fileRef = A0338C981D0E9C7E00C909FB /* Podfile */; };
		A0962D161D0F009B007F404E /* InAppPurchaseManager.m in Sources */ = {isa = PBXBuildFile; fileRef = A0962D151D0F009B007F404E /* InAppPurchaseManager.m */; };
		A0962D361D0F0517007F404E /* DownloadManager.m in Sources */ = {isa = PBXBuildFile; fileRef = A0962D2C1D0F0517007F404E /* DownloadManager.m */; };
		A0962D391D0F0517007F404E /* UITextView+Placeholder.m in Sources */ = {isa = PBXBuildFile; fileRef = A0962D351D0F0517007F404E /* UITextView+Placeholder.m */; };
		A0962D3D1D0F05EE007F404E /* NSString+BFKit.m in Sources */ = {isa = PBXBuildFile; fileRef = A0962D3C1D0F05EE007F404E /* NSString+BFKit.m */; };
		A0962D3F1D0F0616007F404E /* MBProgressHUD.m in Sources */ = {isa = PBXBuildFile; fileRef = A0962D3E1D0F0616007F404E /* MBProgressHUD.m */; };
		A0962D451D0F0D42007F404E /* APIConnectManager.m in Sources */ = {isa = PBXBuildFile; fileRef = A0962D441D0F0D42007F404E /* APIConnectManager.m */; };
		EF86922A1D128A9800259A77 /* UIView+BorderHelper.m in Sources */ = {isa = PBXBuildFile; fileRef = EF8692271D128A9800259A77 /* UIView+BorderHelper.m */; };
		EF86922B1D128A9800259A77 /* UIView+RadiusCorner.m in Sources */ = {isa = PBXBuildFile; fileRef = EF8692291D128A9800259A77 /* UIView+RadiusCorner.m */; };
/* End PBXBuildFile section */

/* Begin PBXContainerItemProxy section */
		A0338C741D0E905800C909FB /* PBXContainerItemProxy */ = {
			isa = PBXContainerItemProxy;
			containerPortal = A0338C521D0E905800C909FB /* Project object */;
			proxyType = 1;
			remoteGlobalIDString = A0338C591D0E905800C909FB;
			remoteInfo = "Sample Project";
		};
		A0338C7F1D0E905800C909FB /* PBXContainerItemProxy */ = {
			isa = PBXContainerItemProxy;
			containerPortal = A0338C521D0E905800C909FB /* Project object */;
			proxyType = 1;
			remoteGlobalIDString = A0338C591D0E905800C909FB;
			remoteInfo = "Sample Project";
		};
/* End PBXContainerItemProxy section */

/* Begin PBXFileReference section */
		2AFE2E4DEF3273B86EC8BF06 /* Pods-Sample Project.release.xcconfig */ = {isa = PBXFileReference; includeInIndex = 1; lastKnownFileType = text.xcconfig; name = "Pods-Sample Project.release.xcconfig"; path = "Pods/Target Support Files/Pods-Sample Project/Pods-Sample Project.release.xcconfig"; sourceTree = "<group>"; };
		48B42427445702600AE28EAB /* Pods_Sample_Project.framework */ = {isa = PBXFileReference; explicitFileType = wrapper.framework; includeInIndex = 0; path = Pods_Sample_Project.framework; sourceTree = BUILT_PRODUCTS_DIR; };
		522DD4B70CEE3782A01A9686 /* Pods-Sample Project.debug.xcconfig */ = {isa = PBXFileReference; includeInIndex = 1; lastKnownFileType = text.xcconfig; name = "Pods-Sample Project.debug.xcconfig"; path = "Pods/Target Support Files/Pods-Sample Project/Pods-Sample Project.debug.xcconfig"; sourceTree = "<group>"; };
		A0338C5A1D0E905800C909FB /* Sample Project.app */ = {isa = PBXFileReference; explicitFileType = wrapper.application; includeInIndex = 0; path = "Sample Project.app"; sourceTree = BUILT_PRODUCTS_DIR; };
		A0338C5E1D0E905800C909FB /* main.m */ = {isa = PBXFileReference; lastKnownFileType = sourcecode.c.objc; path = main.m; sourceTree = "<group>"; };
		A0338C601D0E905800C909FB /* AppDelegate.h */ = {isa = PBXFileReference; lastKnownFileType = sourcecode.c.h; path = AppDelegate.h; sourceTree = "<group>"; };
		A0338C611D0E905800C909FB /* AppDelegate.m */ = {isa = PBXFileReference; lastKnownFileType = sourcecode.c.objc; path = AppDelegate.m; sourceTree = "<group>"; };
		A0338C631D0E905800C909FB /* ViewController.h */ = {isa = PBXFileReference; lastKnownFileType = sourcecode.c.h; name = ViewController.h; path = "Sample Project/ViewController.h"; sourceTree = SOURCE_ROOT; };
		A0338C641D0E905800C909FB /* ViewController.m */ = {isa = PBXFileReference; lastKnownFileType = sourcecode.c.objc; name = ViewController.m; path = "Sample Project/ViewController.m"; sourceTree = SOURCE_ROOT; };
		A0338C671D0E905800C909FB /* Base */ = {isa = PBXFileReference; lastKnownFileType = file.storyboard; name = Base; path = Base.lproj/Main.storyboard; sourceTree = "<group>"; };
		A0338C691D0E905800C909FB /* Assets.xcassets */ = {isa = PBXFileReference; lastKnownFileType = folder.assetcatalog; path = Assets.xcassets; sourceTree = "<group>"; };
		A0338C6C1D0E905800C909FB /* Base */ = {isa = PBXFileReference; lastKnownFileType = file.storyboard; name = Base; path = Base.lproj/LaunchScreen.storyboard; sourceTree = "<group>"; };
		A0338C6E1D0E905800C909FB /* Info.plist */ = {isa = PBXFileReference; lastKnownFileType = text.plist.xml; path = Info.plist; sourceTree = "<group>"; };
		A0338C731D0E905800C909FB /* Sample ProjectTests.xctest */ = {isa = PBXFileReference; explicitFileType = wrapper.cfbundle; includeInIndex = 0; path = "Sample ProjectTests.xctest"; sourceTree = BUILT_PRODUCTS_DIR; };
		A0338C771D0E905800C909FB /* Sample_ProjectTests.m */ = {isa = PBXFileReference; lastKnownFileType = sourcecode.c.objc; path = Sample_ProjectTests.m; sourceTree = "<group>"; };
		A0338C791D0E905800C909FB /* Info.plist */ = {isa = PBXFileReference; lastKnownFileType = text.plist.xml; path = Info.plist; sourceTree = "<group>"; };
		A0338C7E1D0E905800C909FB /* Sample ProjectUITests.xctest */ = {isa = PBXFileReference; explicitFileType = wrapper.cfbundle; includeInIndex = 0; path = "Sample ProjectUITests.xctest"; sourceTree = BUILT_PRODUCTS_DIR; };
		A0338C821D0E905800C909FB /* Sample_ProjectUITests.m */ = {isa = PBXFileReference; lastKnownFileType = sourcecode.c.objc; path = Sample_ProjectUITests.m; sourceTree = "<group>"; };
		A0338C841D0E905800C909FB /* Info.plist */ = {isa = PBXFileReference; lastKnownFileType = text.plist.xml; path = Info.plist; sourceTree = "<group>"; };
		A0338C941D0E9AC800C909FB /* ConstantString.h */ = {isa = PBXFileReference; fileEncoding = 4; lastKnownFileType = sourcecode.c.h; path = ConstantString.h; sourceTree = "<group>"; };
		A0338C951D0E9AC800C909FB /* ConstantString.m */ = {isa = PBXFileReference; fileEncoding = 4; lastKnownFileType = sourcecode.c.objc; path = ConstantString.m; sourceTree = "<group>"; };
		A0338C981D0E9C7E00C909FB /* Podfile */ = {isa = PBXFileReference; fileEncoding = 4; lastKnownFileType = text; path = Podfile; sourceTree = "<group>"; xcLanguageSpecificationIdentifier = xcode.lang.ruby; };
		A0962D141D0F009B007F404E /* InAppPurchaseManager.h */ = {isa = PBXFileReference; fileEncoding = 4; lastKnownFileType = sourcecode.c.h; path = InAppPurchaseManager.h; sourceTree = "<group>"; };
		A0962D151D0F009B007F404E /* InAppPurchaseManager.m */ = {isa = PBXFileReference; fileEncoding = 4; lastKnownFileType = sourcecode.c.objc; path = InAppPurchaseManager.m; sourceTree = "<group>"; };
		A0962D2B1D0F0517007F404E /* DownloadManager.h */ = {isa = PBXFileReference; fileEncoding = 4; lastKnownFileType = sourcecode.c.h; path = DownloadManager.h; sourceTree = "<group>"; };
		A0962D2C1D0F0517007F404E /* DownloadManager.m */ = {isa = PBXFileReference; fileEncoding = 4; lastKnownFileType = sourcecode.c.objc; path = DownloadManager.m; sourceTree = "<group>"; };
		A0962D341D0F0517007F404E /* UITextView+Placeholder.h */ = {isa = PBXFileReference; fileEncoding = 4; lastKnownFileType = sourcecode.c.h; path = "UITextView+Placeholder.h"; sourceTree = "<group>"; };
		A0962D351D0F0517007F404E /* UITextView+Placeholder.m */ = {isa = PBXFileReference; fileEncoding = 4; lastKnownFileType = sourcecode.c.objc; path = "UITextView+Placeholder.m"; sourceTree = "<group>"; };
		A0962D3A1D0F05DB007F404E /* MBProgressHUD.h */ = {isa = PBXFileReference; lastKnownFileType = sourcecode.c.h; path = MBProgressHUD.h; sourceTree = "<group>"; };
		A0962D3B1D0F05EE007F404E /* NSString+BFKit.h */ = {isa = PBXFileReference; fileEncoding = 4; lastKnownFileType = sourcecode.c.h; path = "NSString+BFKit.h"; sourceTree = "<group>"; };
		A0962D3C1D0F05EE007F404E /* NSString+BFKit.m */ = {isa = PBXFileReference; fileEncoding = 4; lastKnownFileType = sourcecode.c.objc; path = "NSString+BFKit.m"; sourceTree = "<group>"; };
		A0962D3E1D0F0616007F404E /* MBProgressHUD.m */ = {isa = PBXFileReference; fileEncoding = 4; lastKnownFileType = sourcecode.c.objc; path = MBProgressHUD.m; sourceTree = "<group>"; };
		A0962D421D0F08FB007F404E /* SampleProjectPrefixHeader.pch */ = {isa = PBXFileReference; lastKnownFileType = sourcecode.c.h; path = SampleProjectPrefixHeader.pch; sourceTree = "<group>"; };
		A0962D431D0F0D42007F404E /* APIConnectManager.h */ = {isa = PBXFileReference; fileEncoding = 4; lastKnownFileType = sourcecode.c.h; path = APIConnectManager.h; sourceTree = "<group>"; };
		A0962D441D0F0D42007F404E /* APIConnectManager.m */ = {isa = PBXFileReference; fileEncoding = 4; lastKnownFileType = sourcecode.c.objc; path = APIConnectManager.m; sourceTree = "<group>"; };
		EF8692261D128A9800259A77 /* UIView+BorderHelper.h */ = {isa = PBXFileReference; fileEncoding = 4; lastKnownFileType = sourcecode.c.h; path = "UIView+BorderHelper.h"; sourceTree = "<group>"; };
		EF8692271D128A9800259A77 /* UIView+BorderHelper.m */ = {isa = PBXFileReference; fileEncoding = 4; lastKnownFileType = sourcecode.c.objc; path = "UIView+BorderHelper.m"; sourceTree = "<group>"; };
		EF8692281D128A9800259A77 /* UIView+RadiusCorner.h */ = {isa = PBXFileReference; fileEncoding = 4; lastKnownFileType = sourcecode.c.h; path = "UIView+RadiusCorner.h"; sourceTree = "<group>"; };
		EF8692291D128A9800259A77 /* UIView+RadiusCorner.m */ = {isa = PBXFileReference; fileEncoding = 4; lastKnownFileType = sourcecode.c.objc; path = "UIView+RadiusCorner.m"; sourceTree = "<group>"; };
/* End PBXFileReference section */

/* Begin PBXFrameworksBuildPhase section */
		A0338C571D0E905800C909FB /* Frameworks */ = {
			isa = PBXFrameworksBuildPhase;
			buildActionMask = 2147483647;
			files = (
				3E771DC084AE90FEB7B487EA /* Pods_Sample_Project.framework in Frameworks */,
			);
			runOnlyForDeploymentPostprocessing = 0;
		};
		A0338C701D0E905800C909FB /* Frameworks */ = {
			isa = PBXFrameworksBuildPhase;
			buildActionMask = 2147483647;
			files = (
			);
			runOnlyForDeploymentPostprocessing = 0;
		};
		A0338C7B1D0E905800C909FB /* Frameworks */ = {
			isa = PBXFrameworksBuildPhase;
			buildActionMask = 2147483647;
			files = (
			);
			runOnlyForDeploymentPostprocessing = 0;
		};
/* End PBXFrameworksBuildPhase section */

/* Begin PBXGroup section */
		04E40EAC6B6E03B4B0B1BCBD /* Frameworks */ = {
			isa = PBXGroup;
			children = (
				48B42427445702600AE28EAB /* Pods_Sample_Project.framework */,
			);
			name = Frameworks;
			sourceTree = "<group>";
		};
		74ACC9FEBE242AD27FFEB408 /* Pods */ = {
			isa = PBXGroup;
			children = (
				522DD4B70CEE3782A01A9686 /* Pods-Sample Project.debug.xcconfig */,
				2AFE2E4DEF3273B86EC8BF06 /* Pods-Sample Project.release.xcconfig */,
			);
			name = Pods;
			sourceTree = "<group>";
		};
		A0338C511D0E905800C909FB = {
			isa = PBXGroup;
			children = (
				A0962D421D0F08FB007F404E /* SampleProjectPrefixHeader.pch */,
				A0338C981D0E9C7E00C909FB /* Podfile */,
				A0338C5C1D0E905800C909FB /* Sample Project */,
				A0338C761D0E905800C909FB /* Sample ProjectTests */,
				A0338C811D0E905800C909FB /* Sample ProjectUITests */,
				A0338C5B1D0E905800C909FB /* Products */,
				74ACC9FEBE242AD27FFEB408 /* Pods */,
				04E40EAC6B6E03B4B0B1BCBD /* Frameworks */,
			);
			sourceTree = "<group>";
		};
		A0338C5B1D0E905800C909FB /* Products */ = {
			isa = PBXGroup;
			children = (
				A0338C5A1D0E905800C909FB /* Sample Project.app */,
				A0338C731D0E905800C909FB /* Sample ProjectTests.xctest */,
				A0338C7E1D0E905800C909FB /* Sample ProjectUITests.xctest */,
			);
			name = Products;
			sourceTree = "<group>";
		};
		A0338C5C1D0E905800C909FB /* Sample Project */ = {
			isa = PBXGroup;
			children = (
				A0962D121D0F009B007F404E /* Util */,
				A0338C601D0E905800C909FB /* AppDelegate.h */,
				A0338C611D0E905800C909FB /* AppDelegate.m */,
				A0338C931D0E9AB900C909FB /* ConstantDefine */,
				A0338C921D0E9A6800C909FB /* View */,
				A0338C901D0E9A6800C909FB /* Controller */,
				A0338C911D0E9A6800C909FB /* Model */,
				A0338C661D0E905800C909FB /* Main.storyboard */,
				A0338C691D0E905800C909FB /* Assets.xcassets */,
				A0338C6B1D0E905800C909FB /* LaunchScreen.storyboard */,
				A0338C971D0E9BA800C909FB /* Resource Images */,
				A0338C6E1D0E905800C909FB /* Info.plist */,
				A0338C5D1D0E905800C909FB /* Supporting Files */,
			);
			path = "Sample Project";
			sourceTree = "<group>";
		};
		A0338C5D1D0E905800C909FB /* Supporting Files */ = {
			isa = PBXGroup;
			children = (
				A0338C5E1D0E905800C909FB /* main.m */,
			);
			name = "Supporting Files";
			sourceTree = "<group>";
		};
		A0338C761D0E905800C909FB /* Sample ProjectTests */ = {
			isa = PBXGroup;
			children = (
				A0338C771D0E905800C909FB /* Sample_ProjectTests.m */,
				A0338C791D0E905800C909FB /* Info.plist */,
			);
			path = "Sample ProjectTests";
			sourceTree = "<group>";
		};
		A0338C811D0E905800C909FB /* Sample ProjectUITests */ = {
			isa = PBXGroup;
			children = (
				A0338C821D0E905800C909FB /* Sample_ProjectUITests.m */,
				A0338C841D0E905800C909FB /* Info.plist */,
			);
			path = "Sample ProjectUITests";
			sourceTree = "<group>";
		};
		A0338C901D0E9A6800C909FB /* Controller */ = {
			isa = PBXGroup;
			children = (
			);
			path = Controller;
			sourceTree = "<group>";
		};
		A0338C911D0E9A6800C909FB /* Model */ = {
			isa = PBXGroup;
			children = (
			);
			path = Model;
			sourceTree = "<group>";
		};
		A0338C921D0E9A6800C909FB /* View */ = {
			isa = PBXGroup;
			children = (
				A0338C631D0E905800C909FB /* ViewController.h */,
				A0338C641D0E905800C909FB /* ViewController.m */,
			);
			path = View;
			sourceTree = "<group>";
		};
		A0338C931D0E9AB900C909FB /* ConstantDefine */ = {
			isa = PBXGroup;
			children = (
				A0338C941D0E9AC800C909FB /* ConstantString.h */,
				A0338C951D0E9AC800C909FB /* ConstantString.m */,
			);
			path = ConstantDefine;
			sourceTree = "<group>";
		};
		A0338C971D0E9BA800C909FB /* Resource Images */ = {
			isa = PBXGroup;
			children = (
			);
			path = "Resource Images";
			sourceTree = "<group>";
		};
		A0962D121D0F009B007F404E /* Util */ = {
			isa = PBXGroup;
			children = (
				EF8692251D128A8800259A77 /* UIViewCategory */,
				A0962D401D0F06F3007F404E /* API Connector */,
				A0962D2A1D0F0517007F404E /* DownloadManager */,
				A0962D2D1D0F0517007F404E /* MBProgressHUD */,
				A0962D301D0F0517007F404E /* NSString Extesion */,
				A0962D331D0F0517007F404E /* UITextView+Placeholder */,
				A0962D131D0F009B007F404E /* IAP */,
			);
			path = Util;
			sourceTree = "<group>";
		};
		A0962D131D0F009B007F404E /* IAP */ = {
			isa = PBXGroup;
			children = (
				A0962D141D0F009B007F404E /* InAppPurchaseManager.h */,
				A0962D151D0F009B007F404E /* InAppPurchaseManager.m */,
			);
			path = IAP;
			sourceTree = "<group>";
		};
		A0962D2A1D0F0517007F404E /* DownloadManager */ = {
			isa = PBXGroup;
			children = (
				A0962D2B1D0F0517007F404E /* DownloadManager.h */,
				A0962D2C1D0F0517007F404E /* DownloadManager.m */,
			);
			path = DownloadManager;
			sourceTree = "<group>";
		};
		A0962D2D1D0F0517007F404E /* MBProgressHUD */ = {
			isa = PBXGroup;
			children = (
				A0962D3E1D0F0616007F404E /* MBProgressHUD.m */,
				A0962D3A1D0F05DB007F404E /* MBProgressHUD.h */,
			);
			path = MBProgressHUD;
			sourceTree = "<group>";
		};
		A0962D301D0F0517007F404E /* NSString Extesion */ = {
			isa = PBXGroup;
			children = (
				A0962D3B1D0F05EE007F404E /* NSString+BFKit.h */,
				A0962D3C1D0F05EE007F404E /* NSString+BFKit.m */,
			);
			path = "NSString Extesion";
			sourceTree = "<group>";
		};
		A0962D331D0F0517007F404E /* UITextView+Placeholder */ = {
			isa = PBXGroup;
			children = (
				A0962D341D0F0517007F404E /* UITextView+Placeholder.h */,
				A0962D351D0F0517007F404E /* UITextView+Placeholder.m */,
			);
			path = "UITextView+Placeholder";
			sourceTree = "<group>";
		};
		A0962D401D0F06F3007F404E /* API Connector */ = {
			isa = PBXGroup;
			children = (
				A0962D431D0F0D42007F404E /* APIConnectManager.h */,
				A0962D441D0F0D42007F404E /* APIConnectManager.m */,
			);
			path = "API Connector";
			sourceTree = "<group>";
		};
		EF8692251D128A8800259A77 /* UIViewCategory */ = {
			isa = PBXGroup;
			children = (
				EF8692261D128A9800259A77 /* UIView+BorderHelper.h */,
				EF8692271D128A9800259A77 /* UIView+BorderHelper.m */,
				EF8692281D128A9800259A77 /* UIView+RadiusCorner.h */,
				EF8692291D128A9800259A77 /* UIView+RadiusCorner.m */,
			);
			path = UIViewCategory;
			sourceTree = "<group>";
		};
/* End PBXGroup section */

/* Begin PBXNativeTarget section */
		A0338C591D0E905800C909FB /* Sample Project */ = {
			isa = PBXNativeTarget;
			buildConfigurationList = A0338C871D0E905800C909FB /* Build configuration list for PBXNativeTarget "Sample Project" */;
			buildPhases = (
				E921603E21EA8660DA7976B3 /* [CP] Check Pods Manifest.lock */,
				A0338C561D0E905800C909FB /* Sources */,
				A0338C571D0E905800C909FB /* Frameworks */,
				A0338C581D0E905800C909FB /* Resources */,
				0D73A513B1B5C1D5D47D61B2 /* [CP] Embed Pods Frameworks */,
				40DEFEB36A96D354FD6D6387 /* [CP] Copy Pods Resources */,
			);
			buildRules = (
			);
			dependencies = (
			);
			name = "Sample Project";
			productName = "Sample Project";
			productReference = A0338C5A1D0E905800C909FB /* Sample Project.app */;
			productType = "com.apple.product-type.application";
		};
		A0338C721D0E905800C909FB /* Sample ProjectTests */ = {
			isa = PBXNativeTarget;
			buildConfigurationList = A0338C8A1D0E905800C909FB /* Build configuration list for PBXNativeTarget "Sample ProjectTests" */;
			buildPhases = (
				A0338C6F1D0E905800C909FB /* Sources */,
				A0338C701D0E905800C909FB /* Frameworks */,
				A0338C711D0E905800C909FB /* Resources */,
			);
			buildRules = (
			);
			dependencies = (
				A0338C751D0E905800C909FB /* PBXTargetDependency */,
			);
			name = "Sample ProjectTests";
			productName = "Sample ProjectTests";
			productReference = A0338C731D0E905800C909FB /* Sample ProjectTests.xctest */;
			productType = "com.apple.product-type.bundle.unit-test";
		};
		A0338C7D1D0E905800C909FB /* Sample ProjectUITests */ = {
			isa = PBXNativeTarget;
			buildConfigurationList = A0338C8D1D0E905800C909FB /* Build configuration list for PBXNativeTarget "Sample ProjectUITests" */;
			buildPhases = (
				A0338C7A1D0E905800C909FB /* Sources */,
				A0338C7B1D0E905800C909FB /* Frameworks */,
				A0338C7C1D0E905800C909FB /* Resources */,
			);
			buildRules = (
			);
			dependencies = (
				A0338C801D0E905800C909FB /* PBXTargetDependency */,
			);
			name = "Sample ProjectUITests";
			productName = "Sample ProjectUITests";
			productReference = A0338C7E1D0E905800C909FB /* Sample ProjectUITests.xctest */;
			productType = "com.apple.product-type.bundle.ui-testing";
		};
/* End PBXNativeTarget section */

/* Begin PBXProject section */
		A0338C521D0E905800C909FB /* Project object */ = {
			isa = PBXProject;
			attributes = {
				LastUpgradeCheck = 0720;
				ORGANIZATIONNAME = Genesis;
				TargetAttributes = {
					A0338C591D0E905800C909FB = {
						CreatedOnToolsVersion = 7.2.1;
					};
					A0338C721D0E905800C909FB = {
						CreatedOnToolsVersion = 7.2.1;
						TestTargetID = A0338C591D0E905800C909FB;
					};
					A0338C7D1D0E905800C909FB = {
						CreatedOnToolsVersion = 7.2.1;
						TestTargetID = A0338C591D0E905800C909FB;
					};
				};
			};
			buildConfigurationList = A0338C551D0E905800C909FB /* Build configuration list for PBXProject "Sample Project" */;
			compatibilityVersion = "Xcode 3.2";
			developmentRegion = English;
			hasScannedForEncodings = 0;
			knownRegions = (
				en,
				Base,
			);
			mainGroup = A0338C511D0E905800C909FB;
			productRefGroup = A0338C5B1D0E905800C909FB /* Products */;
			projectDirPath = "";
			projectRoot = "";
			targets = (
				A0338C591D0E905800C909FB /* Sample Project */,
				A0338C721D0E905800C909FB /* Sample ProjectTests */,
				A0338C7D1D0E905800C909FB /* Sample ProjectUITests */,
			);
		};
/* End PBXProject section */

/* Begin PBXResourcesBuildPhase section */
		A0338C581D0E905800C909FB /* Resources */ = {
			isa = PBXResourcesBuildPhase;
			buildActionMask = 2147483647;
			files = (
				A0338C6D1D0E905800C909FB /* LaunchScreen.storyboard in Resources */,
				A0338C6A1D0E905800C909FB /* Assets.xcassets in Resources */,
				A0338C991D0E9C7E00C909FB /* Podfile in Resources */,
				A0338C681D0E905800C909FB /* Main.storyboard in Resources */,
			);
			runOnlyForDeploymentPostprocessing = 0;
		};
		A0338C711D0E905800C909FB /* Resources */ = {
			isa = PBXResourcesBuildPhase;
			buildActionMask = 2147483647;
			files = (
			);
			runOnlyForDeploymentPostprocessing = 0;
		};
		A0338C7C1D0E905800C909FB /* Resources */ = {
			isa = PBXResourcesBuildPhase;
			buildActionMask = 2147483647;
			files = (
			);
			runOnlyForDeploymentPostprocessing = 0;
		};
/* End PBXResourcesBuildPhase section */

/* Begin PBXShellScriptBuildPhase section */
		0D73A513B1B5C1D5D47D61B2 /* [CP] Embed Pods Frameworks */ = {
			isa = PBXShellScriptBuildPhase;
			buildActionMask = 2147483647;
			files = (
			);
			inputPaths = (
			);
			name = "[CP] Embed Pods Frameworks";
			outputPaths = (
			);
			runOnlyForDeploymentPostprocessing = 0;
			shellPath = /bin/sh;
			shellScript = "\"${SRCROOT}/Pods/Target Support Files/Pods-Sample Project/Pods-Sample Project-frameworks.sh\"\n";
			showEnvVarsInLog = 0;
		};
		40DEFEB36A96D354FD6D6387 /* [CP] Copy Pods Resources */ = {
			isa = PBXShellScriptBuildPhase;
			buildActionMask = 2147483647;
			files = (
			);
			inputPaths = (
			);
			name = "[CP] Copy Pods Resources";
			outputPaths = (
			);
			runOnlyForDeploymentPostprocessing = 0;
			shellPath = /bin/sh;
			shellScript = "\"${SRCROOT}/Pods/Target Support Files/Pods-Sample Project/Pods-Sample Project-resources.sh\"\n";
			showEnvVarsInLog = 0;
		};
		E921603E21EA8660DA7976B3 /* [CP] Check Pods Manifest.lock */ = {
			isa = PBXShellScriptBuildPhase;
			buildActionMask = 2147483647;
			files = (
			);
			inputPaths = (
			);
			name = "[CP] Check Pods Manifest.lock";
			outputPaths = (
			);
			runOnlyForDeploymentPostprocessing = 0;
			shellPath = /bin/sh;
			shellScript = "diff \"${PODS_ROOT}/../Podfile.lock\" \"${PODS_ROOT}/Manifest.lock\" > /dev/null\nif [[ $? != 0 ]] ; then\n    cat << EOM\nerror: The sandbox is not in sync with the Podfile.lock. Run 'pod install' or update your CocoaPods installation.\nEOM\n    exit 1\nfi\n";
			showEnvVarsInLog = 0;
		};
/* End PBXShellScriptBuildPhase section */

/* Begin PBXSourcesBuildPhase section */
		A0338C561D0E905800C909FB /* Sources */ = {
			isa = PBXSourcesBuildPhase;
			buildActionMask = 2147483647;
			files = (
				A0962D161D0F009B007F404E /* InAppPurchaseManager.m in Sources */,
				EF86922B1D128A9800259A77 /* UIView+RadiusCorner.m in Sources */,
				A0338C961D0E9AC800C909FB /* ConstantString.m in Sources */,
				A0338C651D0E905800C909FB /* ViewController.m in Sources */,
				A0338C621D0E905800C909FB /* AppDelegate.m in Sources */,
				A0962D3F1D0F0616007F404E /* MBProgressHUD.m in Sources */,
				A0338C5F1D0E905800C909FB /* main.m in Sources */,
				A0962D361D0F0517007F404E /* DownloadManager.m in Sources */,
				EF86922A1D128A9800259A77 /* UIView+BorderHelper.m in Sources */,
				A0962D3D1D0F05EE007F404E /* NSString+BFKit.m in Sources */,
				A0962D391D0F0517007F404E /* UITextView+Placeholder.m in Sources */,
				A0962D451D0F0D42007F404E /* APIConnectManager.m in Sources */,
			);
			runOnlyForDeploymentPostprocessing = 0;
		};
		A0338C6F1D0E905800C909FB /* Sources */ = {
			isa = PBXSourcesBuildPhase;
			buildActionMask = 2147483647;
			files = (
				A0338C781D0E905800C909FB /* Sample_ProjectTests.m in Sources */,
			);
			runOnlyForDeploymentPostprocessing = 0;
		};
		A0338C7A1D0E905800C909FB /* Sources */ = {
			isa = PBXSourcesBuildPhase;
			buildActionMask = 2147483647;
			files = (
				A0338C831D0E905800C909FB /* Sample_ProjectUITests.m in Sources */,
			);
			runOnlyForDeploymentPostprocessing = 0;
		};
/* End PBXSourcesBuildPhase section */

/* Begin PBXTargetDependency section */
		A0338C751D0E905800C909FB /* PBXTargetDependency */ = {
			isa = PBXTargetDependency;
			target = A0338C591D0E905800C909FB /* Sample Project */;
			targetProxy = A0338C741D0E905800C909FB /* PBXContainerItemProxy */;
		};
		A0338C801D0E905800C909FB /* PBXTargetDependency */ = {
			isa = PBXTargetDependency;
			target = A0338C591D0E905800C909FB /* Sample Project */;
			targetProxy = A0338C7F1D0E905800C909FB /* PBXContainerItemProxy */;
		};
/* End PBXTargetDependency section */

/* Begin PBXVariantGroup section */
		A0338C661D0E905800C909FB /* Main.storyboard */ = {
			isa = PBXVariantGroup;
			children = (
				A0338C671D0E905800C909FB /* Base */,
			);
			name = Main.storyboard;
			sourceTree = "<group>";
		};
		A0338C6B1D0E905800C909FB /* LaunchScreen.storyboard */ = {
			isa = PBXVariantGroup;
			children = (
				A0338C6C1D0E905800C909FB /* Base */,
			);
			name = LaunchScreen.storyboard;
			sourceTree = "<group>";
		};
/* End PBXVariantGroup section */

/* Begin XCBuildConfiguration section */
		A0338C851D0E905800C909FB /* Debug */ = {
			isa = XCBuildConfiguration;
			buildSettings = {
				ALWAYS_SEARCH_USER_PATHS = NO;
				CLANG_CXX_LANGUAGE_STANDARD = "gnu++0x";
				CLANG_CXX_LIBRARY = "libc++";
				CLANG_ENABLE_MODULES = YES;
				CLANG_ENABLE_OBJC_ARC = YES;
				CLANG_WARN_BOOL_CONVERSION = YES;
				CLANG_WARN_CONSTANT_CONVERSION = YES;
				CLANG_WARN_DIRECT_OBJC_ISA_USAGE = YES_ERROR;
				CLANG_WARN_EMPTY_BODY = YES;
				CLANG_WARN_ENUM_CONVERSION = YES;
				CLANG_WARN_INT_CONVERSION = YES;
				CLANG_WARN_OBJC_ROOT_CLASS = YES_ERROR;
				CLANG_WARN_UNREACHABLE_CODE = YES;
				CLANG_WARN__DUPLICATE_METHOD_MATCH = YES;
				"CODE_SIGN_IDENTITY[sdk=iphoneos*]" = "iPhone Developer";
				COPY_PHASE_STRIP = NO;
				DEBUG_INFORMATION_FORMAT = dwarf;
				ENABLE_STRICT_OBJC_MSGSEND = YES;
				ENABLE_TESTABILITY = YES;
				GCC_C_LANGUAGE_STANDARD = gnu99;
				GCC_DYNAMIC_NO_PIC = NO;
				GCC_NO_COMMON_BLOCKS = YES;
				GCC_OPTIMIZATION_LEVEL = 0;
				GCC_PREPROCESSOR_DEFINITIONS = (
					"DEBUG=1",
					"$(inherited)",
				);
				GCC_WARN_64_TO_32_BIT_CONVERSION = YES;
				GCC_WARN_ABOUT_RETURN_TYPE = YES_ERROR;
				GCC_WARN_UNDECLARED_SELECTOR = YES;
				GCC_WARN_UNINITIALIZED_AUTOS = YES_AGGRESSIVE;
				GCC_WARN_UNUSED_FUNCTION = YES;
				GCC_WARN_UNUSED_VARIABLE = YES;
				IPHONEOS_DEPLOYMENT_TARGET = 9.2;
				MTL_ENABLE_DEBUG_INFO = YES;
				ONLY_ACTIVE_ARCH = YES;
				SDKROOT = iphoneos;
			};
			name = Debug;
		};
		A0338C861D0E905800C909FB /* Release */ = {
			isa = XCBuildConfiguration;
			buildSettings = {
				ALWAYS_SEARCH_USER_PATHS = NO;
				CLANG_CXX_LANGUAGE_STANDARD = "gnu++0x";
				CLANG_CXX_LIBRARY = "libc++";
				CLANG_ENABLE_MODULES = YES;
				CLANG_ENABLE_OBJC_ARC = YES;
				CLANG_WARN_BOOL_CONVERSION = YES;
				CLANG_WARN_CONSTANT_CONVERSION = YES;
				CLANG_WARN_DIRECT_OBJC_ISA_USAGE = YES_ERROR;
				CLANG_WARN_EMPTY_BODY = YES;
				CLANG_WARN_ENUM_CONVERSION = YES;
				CLANG_WARN_INT_CONVERSION = YES;
				CLANG_WARN_OBJC_ROOT_CLASS = YES_ERROR;
				CLANG_WARN_UNREACHABLE_CODE = YES;
				CLANG_WARN__DUPLICATE_METHOD_MATCH = YES;
				"CODE_SIGN_IDENTITY[sdk=iphoneos*]" = "iPhone Developer";
				COPY_PHASE_STRIP = NO;
				DEBUG_INFORMATION_FORMAT = "dwarf-with-dsym";
				ENABLE_NS_ASSERTIONS = NO;
				ENABLE_STRICT_OBJC_MSGSEND = YES;
				GCC_C_LANGUAGE_STANDARD = gnu99;
				GCC_NO_COMMON_BLOCKS = YES;
				GCC_WARN_64_TO_32_BIT_CONVERSION = YES;
				GCC_WARN_ABOUT_RETURN_TYPE = YES_ERROR;
				GCC_WARN_UNDECLARED_SELECTOR = YES;
				GCC_WARN_UNINITIALIZED_AUTOS = YES_AGGRESSIVE;
				GCC_WARN_UNUSED_FUNCTION = YES;
				GCC_WARN_UNUSED_VARIABLE = YES;
				IPHONEOS_DEPLOYMENT_TARGET = 9.2;
				MTL_ENABLE_DEBUG_INFO = NO;
				SDKROOT = iphoneos;
				VALIDATE_PRODUCT = YES;
			};
			name = Release;
		};
		A0338C881D0E905800C909FB /* Debug */ = {
			isa = XCBuildConfiguration;
			baseConfigurationReference = 522DD4B70CEE3782A01A9686 /* Pods-Sample Project.debug.xcconfig */;
			buildSettings = {
				ASSETCATALOG_COMPILER_APPICON_NAME = AppIcon;
				GCC_PREFIX_HEADER = SampleProjectPrefixHeader.pch;
				INFOPLIST_FILE = "Sample Project/Info.plist";
				LD_RUNPATH_SEARCH_PATHS = "$(inherited) @executable_path/Frameworks";
				PRODUCT_BUNDLE_IDENTIFIER = "com.project.sample.Sample-Project";
				PRODUCT_NAME = "$(TARGET_NAME)";
			};
			name = Debug;
		};
		A0338C891D0E905800C909FB /* Release */ = {
			isa = XCBuildConfiguration;
			baseConfigurationReference = 2AFE2E4DEF3273B86EC8BF06 /* Pods-Sample Project.release.xcconfig */;
			buildSettings = {
				ASSETCATALOG_COMPILER_APPICON_NAME = AppIcon;
				GCC_PREFIX_HEADER = SampleProjectPrefixHeader.pch;
				INFOPLIST_FILE = "Sample Project/Info.plist";
				LD_RUNPATH_SEARCH_PATHS = "$(inherited) @executable_path/Frameworks";
				PRODUCT_BUNDLE_IDENTIFIER = "com.project.sample.Sample-Project";
				PRODUCT_NAME = "$(TARGET_NAME)";
			};
			name = Release;
		};
		A0338C8B1D0E905800C909FB /* Debug */ = {
			isa = XCBuildConfiguration;
			buildSettings = {
				BUNDLE_LOADER = "$(TEST_HOST)";
				INFOPLIST_FILE = "Sample ProjectTests/Info.plist";
				LD_RUNPATH_SEARCH_PATHS = "$(inherited) @executable_path/Frameworks @loader_path/Frameworks";
				PRODUCT_BUNDLE_IDENTIFIER = "com.project.sample.Sample-ProjectTests";
				PRODUCT_NAME = "$(TARGET_NAME)";
				TEST_HOST = "$(BUILT_PRODUCTS_DIR)/Sample Project.app/Sample Project";
			};
			name = Debug;
		};
		A0338C8C1D0E905800C909FB /* Release */ = {
			isa = XCBuildConfiguration;
			buildSettings = {
				BUNDLE_LOADER = "$(TEST_HOST)";
				INFOPLIST_FILE = "Sample ProjectTests/Info.plist";
				LD_RUNPATH_SEARCH_PATHS = "$(inherited) @executable_path/Frameworks @loader_path/Frameworks";
				PRODUCT_BUNDLE_IDENTIFIER = "com.project.sample.Sample-ProjectTests";
				PRODUCT_NAME = "$(TARGET_NAME)";
				TEST_HOST = "$(BUILT_PRODUCTS_DIR)/Sample Project.app/Sample Project";
			};
			name = Release;
		};
		A0338C8E1D0E905800C909FB /* Debug */ = {
			isa = XCBuildConfiguration;
			buildSettings = {
				INFOPLIST_FILE = "Sample ProjectUITests/Info.plist";
				LD_RUNPATH_SEARCH_PATHS = "$(inherited) @executable_path/Frameworks @loader_path/Frameworks";
				PRODUCT_BUNDLE_IDENTIFIER = "com.project.sample.Sample-ProjectUITests";
				PRODUCT_NAME = "$(TARGET_NAME)";
				TEST_TARGET_NAME = "Sample Project";
				USES_XCTRUNNER = YES;
			};
			name = Debug;
		};
		A0338C8F1D0E905800C909FB /* Release */ = {
			isa = XCBuildConfiguration;
			buildSettings = {
				INFOPLIST_FILE = "Sample ProjectUITests/Info.plist";
				LD_RUNPATH_SEARCH_PATHS = "$(inherited) @executable_path/Frameworks @loader_path/Frameworks";
				PRODUCT_BUNDLE_IDENTIFIER = "com.project.sample.Sample-ProjectUITests";
				PRODUCT_NAME = "$(TARGET_NAME)";
				TEST_TARGET_NAME = "Sample Project";
				USES_XCTRUNNER = YES;
			};
			name = Release;
		};
/* End XCBuildConfiguration section */

/* Begin XCConfigurationList section */
		A0338C551D0E905800C909FB /* Build configuration list for PBXProject "Sample Project" */ = {
			isa = XCConfigurationList;
			buildConfigurations = (
				A0338C851D0E905800C909FB /* Debug */,
				A0338C861D0E905800C909FB /* Release */,
			);
			defaultConfigurationIsVisible = 0;
			defaultConfigurationName = Release;
		};
		A0338C871D0E905800C909FB /* Build configuration list for PBXNativeTarget "Sample Project" */ = {
			isa = XCConfigurationList;
			buildConfigurations = (
				A0338C881D0E905800C909FB /* Debug */,
				A0338C891D0E905800C909FB /* Release */,
			);
			defaultConfigurationIsVisible = 0;
			defaultConfigurationName = Release;
		};
		A0338C8A1D0E905800C909FB /* Build configuration list for PBXNativeTarget "Sample ProjectTests" */ = {
			isa = XCConfigurationList;
			buildConfigurations = (
				A0338C8B1D0E905800C909FB /* Debug */,
				A0338C8C1D0E905800C909FB /* Release */,
			);
			defaultConfigurationIsVisible = 0;
			defaultConfigurationName = Release;
		};
		A0338C8D1D0E905800C909FB /* Build configuration list for PBXNativeTarget "Sample ProjectUITests" */ = {
			isa = XCConfigurationList;
			buildConfigurations = (
				A0338C8E1D0E905800C909FB /* Debug */,
				A0338C8F1D0E905800C909FB /* Release */,
			);
			defaultConfigurationIsVisible = 0;
			defaultConfigurationName = Release;
		};
/* End XCConfigurationList section */
	};
	rootObject = A0338C521D0E905800C909FB /* Project object */;
}
